// !$*UTF8*$!
{
	archiveVersion = 1;
	classes = {
	};
	objectVersion = 56;
	objects = {

/* Begin PBXBuildFile section */
		1BF7C4FF2C826ED2005A0913 /* AppDelegate.swift in Sources */ = {isa = PBXBuildFile; fileRef = 1BF7C4FE2C826ED2005A0913 /* AppDelegate.swift */; };
		1BF7C5012C826ED2005A0913 /* GameScene.sks in Resources */ = {isa = PBXBuildFile; fileRef = 1BF7C5002C826ED2005A0913 /* GameScene.sks */; };
		1BF7C5052C826ED2005A0913 /* GameScene.swift in Sources */ = {isa = PBXBuildFile; fileRef = 1BF7C5042C826ED2005A0913 /* GameScene.swift */; };
		1BF7C5072C826ED2005A0913 /* GameViewController.swift in Sources */ = {isa = PBXBuildFile; fileRef = 1BF7C5062C826ED2005A0913 /* GameViewController.swift */; };
		1BF7C50A2C826ED2005A0913 /* Base in Resources */ = {isa = PBXBuildFile; fileRef = 1BF7C5092C826ED2005A0913 /* Base */; };
		1BF7C50C2C826ED3005A0913 /* Assets.xcassets in Resources */ = {isa = PBXBuildFile; fileRef = 1BF7C50B2C826ED3005A0913 /* Assets.xcassets */; };
		1BF7C50F2C826ED3005A0913 /* Base in Resources */ = {isa = PBXBuildFile; fileRef = 1BF7C50E2C826ED3005A0913 /* Base */; };
		1BF7C5252C82762D005A0913 /* background@2x.jpg in Resources */ = {isa = PBXBuildFile; fileRef = 1BF7C5152C82762D005A0913 /* background@2x.jpg */; };
		1BF7C5262C82762D005A0913 /* ballBlue@2x.png in Resources */ = {isa = PBXBuildFile; fileRef = 1BF7C5162C82762D005A0913 /* ballBlue@2x.png */; };
		1BF7C5272C82762D005A0913 /* ballCyan@2x.png in Resources */ = {isa = PBXBuildFile; fileRef = 1BF7C5172C82762D005A0913 /* ballCyan@2x.png */; };
		1BF7C5282C82762D005A0913 /* ballGreen@2x.png in Resources */ = {isa = PBXBuildFile; fileRef = 1BF7C5182C82762D005A0913 /* ballGreen@2x.png */; };
		1BF7C5292C82762D005A0913 /* ballGrey@2x.png in Resources */ = {isa = PBXBuildFile; fileRef = 1BF7C5192C82762D005A0913 /* ballGrey@2x.png */; };
		1BF7C52A2C82762D005A0913 /* ballPurple@2x.png in Resources */ = {isa = PBXBuildFile; fileRef = 1BF7C51A2C82762D005A0913 /* ballPurple@2x.png */; };
		1BF7C52B2C82762D005A0913 /* ballRed@2x.png in Resources */ = {isa = PBXBuildFile; fileRef = 1BF7C51B2C82762D005A0913 /* ballRed@2x.png */; };
		1BF7C52C2C82762D005A0913 /* ballYellow@2x.png in Resources */ = {isa = PBXBuildFile; fileRef = 1BF7C51C2C82762D005A0913 /* ballYellow@2x.png */; };
		1BF7C52D2C82762D005A0913 /* bouncer@2x.png in Resources */ = {isa = PBXBuildFile; fileRef = 1BF7C51D2C82762D005A0913 /* bouncer@2x.png */; };
		1BF7C52E2C82762D005A0913 /* FireParticles.sks in Resources */ = {isa = PBXBuildFile; fileRef = 1BF7C51E2C82762D005A0913 /* FireParticles.sks */; };
		1BF7C52F2C82762D005A0913 /* slotBaseBad@2x.png in Resources */ = {isa = PBXBuildFile; fileRef = 1BF7C51F2C82762D005A0913 /* slotBaseBad@2x.png */; };
		1BF7C5302C82762D005A0913 /* slotBaseGood@2x.png in Resources */ = {isa = PBXBuildFile; fileRef = 1BF7C5202C82762D005A0913 /* slotBaseGood@2x.png */; };
		1BF7C5312C82762D005A0913 /* slotGlowBad@2x.png in Resources */ = {isa = PBXBuildFile; fileRef = 1BF7C5212C82762D005A0913 /* slotGlowBad@2x.png */; };
		1BF7C5322C82762D005A0913 /* slotGlowGood@2x.png in Resources */ = {isa = PBXBuildFile; fileRef = 1BF7C5222C82762D005A0913 /* slotGlowGood@2x.png */; };
		1BF7C5332C82762D005A0913 /* spark.png in Resources */ = {isa = PBXBuildFile; fileRef = 1BF7C5232C82762D005A0913 /* spark.png */; };
/* End PBXBuildFile section */

/* Begin PBXFileReference section */
		1BF7C4FB2C826ED2005A0913 /* Project-11-pachinko-game.app */ = {isa = PBXFileReference; explicitFileType = wrapper.application; includeInIndex = 0; path = "Project-11-pachinko-game.app"; sourceTree = BUILT_PRODUCTS_DIR; };
		1BF7C4FE2C826ED2005A0913 /* AppDelegate.swift */ = {isa = PBXFileReference; lastKnownFileType = sourcecode.swift; path = AppDelegate.swift; sourceTree = "<group>"; };
		1BF7C5002C826ED2005A0913 /* GameScene.sks */ = {isa = PBXFileReference; lastKnownFileType = file.sks; path = GameScene.sks; sourceTree = "<group>"; };
		1BF7C5042C826ED2005A0913 /* GameScene.swift */ = {isa = PBXFileReference; lastKnownFileType = sourcecode.swift; path = GameScene.swift; sourceTree = "<group>"; };
		1BF7C5062C826ED2005A0913 /* GameViewController.swift */ = {isa = PBXFileReference; lastKnownFileType = sourcecode.swift; path = GameViewController.swift; sourceTree = "<group>"; };
		1BF7C5092C826ED2005A0913 /* Base */ = {isa = PBXFileReference; lastKnownFileType = file.storyboard; name = Base; path = Base.lproj/Main.storyboard; sourceTree = "<group>"; };
		1BF7C50B2C826ED3005A0913 /* Assets.xcassets */ = {isa = PBXFileReference; lastKnownFileType = folder.assetcatalog; path = Assets.xcassets; sourceTree = "<group>"; };
		1BF7C50E2C826ED3005A0913 /* Base */ = {isa = PBXFileReference; lastKnownFileType = file.storyboard; name = Base; path = Base.lproj/LaunchScreen.storyboard; sourceTree = "<group>"; };
		1BF7C5152C82762D005A0913 /* background@2x.jpg */ = {isa = PBXFileReference; lastKnownFileType = image.jpeg; path = "background@2x.jpg"; sourceTree = "<group>"; };
		1BF7C5162C82762D005A0913 /* ballBlue@2x.png */ = {isa = PBXFileReference; lastKnownFileType = image.png; path = "ballBlue@2x.png"; sourceTree = "<group>"; };
		1BF7C5172C82762D005A0913 /* ballCyan@2x.png */ = {isa = PBXFileReference; lastKnownFileType = image.png; path = "ballCyan@2x.png"; sourceTree = "<group>"; };
		1BF7C5182C82762D005A0913 /* ballGreen@2x.png */ = {isa = PBXFileReference; lastKnownFileType = image.png; path = "ballGreen@2x.png"; sourceTree = "<group>"; };
		1BF7C5192C82762D005A0913 /* ballGrey@2x.png */ = {isa = PBXFileReference; lastKnownFileType = image.png; path = "ballGrey@2x.png"; sourceTree = "<group>"; };
		1BF7C51A2C82762D005A0913 /* ballPurple@2x.png */ = {isa = PBXFileReference; lastKnownFileType = image.png; path = "ballPurple@2x.png"; sourceTree = "<group>"; };
		1BF7C51B2C82762D005A0913 /* ballRed@2x.png */ = {isa = PBXFileReference; lastKnownFileType = image.png; path = "ballRed@2x.png"; sourceTree = "<group>"; };
		1BF7C51C2C82762D005A0913 /* ballYellow@2x.png */ = {isa = PBXFileReference; lastKnownFileType = image.png; path = "ballYellow@2x.png"; sourceTree = "<group>"; };
		1BF7C51D2C82762D005A0913 /* bouncer@2x.png */ = {isa = PBXFileReference; lastKnownFileType = image.png; path = "bouncer@2x.png"; sourceTree = "<group>"; };
		1BF7C51E2C82762D005A0913 /* FireParticles.sks */ = {isa = PBXFileReference; lastKnownFileType = file.sks; path = FireParticles.sks; sourceTree = "<group>"; };
		1BF7C51F2C82762D005A0913 /* slotBaseBad@2x.png */ = {isa = PBXFileReference; lastKnownFileType = image.png; path = "slotBaseBad@2x.png"; sourceTree = "<group>"; };
		1BF7C5202C82762D005A0913 /* slotBaseGood@2x.png */ = {isa = PBXFileReference; lastKnownFileType = image.png; path = "slotBaseGood@2x.png"; sourceTree = "<group>"; };
		1BF7C5212C82762D005A0913 /* slotGlowBad@2x.png */ = {isa = PBXFileReference; lastKnownFileType = image.png; path = "slotGlowBad@2x.png"; sourceTree = "<group>"; };
		1BF7C5222C82762D005A0913 /* slotGlowGood@2x.png */ = {isa = PBXFileReference; lastKnownFileType = image.png; path = "slotGlowGood@2x.png"; sourceTree = "<group>"; };
		1BF7C5232C82762D005A0913 /* spark.png */ = {isa = PBXFileReference; lastKnownFileType = image.png; path = spark.png; sourceTree = "<group>"; };
/* End PBXFileReference section */

/* Begin PBXFrameworksBuildPhase section */
		1BF7C4F82C826ED2005A0913 /* Frameworks */ = {
			isa = PBXFrameworksBuildPhase;
			buildActionMask = 2147483647;
			files = (
			);
			runOnlyForDeploymentPostprocessing = 0;
		};
/* End PBXFrameworksBuildPhase section */

/* Begin PBXGroup section */
		1BF7C4F22C826ED1005A0913 = {
			isa = PBXGroup;
			children = (
				1BF7C4FD2C826ED2005A0913 /* Project-11-pachinko-game */,
				1BF7C4FC2C826ED2005A0913 /* Products */,
			);
			sourceTree = "<group>";
		};
		1BF7C4FC2C826ED2005A0913 /* Products */ = {
			isa = PBXGroup;
			children = (
				1BF7C4FB2C826ED2005A0913 /* Project-11-pachinko-game.app */,
			);
			name = Products;
			sourceTree = "<group>";
		};
		1BF7C4FD2C826ED2005A0913 /* Project-11-pachinko-game */ = {
			isa = PBXGroup;
			children = (
				1BF7C4FE2C826ED2005A0913 /* AppDelegate.swift */,
				1BF7C5002C826ED2005A0913 /* GameScene.sks */,
				1BF7C5042C826ED2005A0913 /* GameScene.swift */,
				1BF7C5062C826ED2005A0913 /* GameViewController.swift */,
				1BF7C5082C826ED2005A0913 /* Main.storyboard */,
				1BF7C50B2C826ED3005A0913 /* Assets.xcassets */,
				1BF7C50D2C826ED3005A0913 /* LaunchScreen.storyboard */,
				1BF7C5242C82762D005A0913 /* Content */,
			);
			path = "Project-11-pachinko-game";
			sourceTree = "<group>";
		};
		1BF7C5242C82762D005A0913 /* Content */ = {
			isa = PBXGroup;
			children = (
				1BF7C5152C82762D005A0913 /* background@2x.jpg */,
				1BF7C5162C82762D005A0913 /* ballBlue@2x.png */,
				1BF7C5172C82762D005A0913 /* ballCyan@2x.png */,
				1BF7C5182C82762D005A0913 /* ballGreen@2x.png */,
				1BF7C5192C82762D005A0913 /* ballGrey@2x.png */,
				1BF7C51A2C82762D005A0913 /* ballPurple@2x.png */,
				1BF7C51B2C82762D005A0913 /* ballRed@2x.png */,
				1BF7C51C2C82762D005A0913 /* ballYellow@2x.png */,
				1BF7C51D2C82762D005A0913 /* bouncer@2x.png */,
				1BF7C51E2C82762D005A0913 /* FireParticles.sks */,
				1BF7C51F2C82762D005A0913 /* slotBaseBad@2x.png */,
				1BF7C5202C82762D005A0913 /* slotBaseGood@2x.png */,
				1BF7C5212C82762D005A0913 /* slotGlowBad@2x.png */,
				1BF7C5222C82762D005A0913 /* slotGlowGood@2x.png */,
				1BF7C5232C82762D005A0913 /* spark.png */,
			);
			path = Content;
			sourceTree = "<group>";
		};
/* End PBXGroup section */

/* Begin PBXNativeTarget section */
		1BF7C4FA2C826ED2005A0913 /* Project-11-pachinko-game */ = {
			isa = PBXNativeTarget;
			buildConfigurationList = 1BF7C5122C826ED3005A0913 /* Build configuration list for PBXNativeTarget "Project-11-pachinko-game" */;
			buildPhases = (
				1BF7C4F72C826ED2005A0913 /* Sources */,
				1BF7C4F82C826ED2005A0913 /* Frameworks */,
				1BF7C4F92C826ED2005A0913 /* Resources */,
			);
			buildRules = (
			);
			dependencies = (
			);
			name = "Project-11-pachinko-game";
			productName = "Project-11-pachinko-game";
			productReference = 1BF7C4FB2C826ED2005A0913 /* Project-11-pachinko-game.app */;
			productType = "com.apple.product-type.application";
		};
/* End PBXNativeTarget section */

/* Begin PBXProject section */
		1BF7C4F32C826ED1005A0913 /* Project object */ = {
			isa = PBXProject;
			attributes = {
				BuildIndependentTargetsInParallel = 1;
				LastSwiftUpdateCheck = 1540;
				LastUpgradeCheck = 1540;
				TargetAttributes = {
					1BF7C4FA2C826ED2005A0913 = {
						CreatedOnToolsVersion = 15.4;
					};
				};
			};
			buildConfigurationList = 1BF7C4F62C826ED1005A0913 /* Build configuration list for PBXProject "Project-11-pachinko-game" */;
			compatibilityVersion = "Xcode 14.0";
			developmentRegion = en;
			hasScannedForEncodings = 0;
			knownRegions = (
				en,
				Base,
			);
			mainGroup = 1BF7C4F22C826ED1005A0913;
			productRefGroup = 1BF7C4FC2C826ED2005A0913 /* Products */;
			projectDirPath = "";
			projectRoot = "";
			targets = (
				1BF7C4FA2C826ED2005A0913 /* Project-11-pachinko-game */,
			);
		};
/* End PBXProject section */

/* Begin PBXResourcesBuildPhase section */
		1BF7C4F92C826ED2005A0913 /* Resources */ = {
			isa = PBXResourcesBuildPhase;
			buildActionMask = 2147483647;
			files = (
				1BF7C5012C826ED2005A0913 /* GameScene.sks in Resources */,
				1BF7C52C2C82762D005A0913 /* ballYellow@2x.png in Resources */,
				1BF7C52A2C82762D005A0913 /* ballPurple@2x.png in Resources */,
				1BF7C52B2C82762D005A0913 /* ballRed@2x.png in Resources */,
				1BF7C5282C82762D005A0913 /* ballGreen@2x.png in Resources */,
				1BF7C52F2C82762D005A0913 /* slotBaseBad@2x.png in Resources */,
				1BF7C5332C82762D005A0913 /* spark.png in Resources */,
				1BF7C5302C82762D005A0913 /* slotBaseGood@2x.png in Resources */,
				1BF7C50A2C826ED2005A0913 /* Base in Resources */,
				1BF7C5322C82762D005A0913 /* slotGlowGood@2x.png in Resources */,
				1BF7C5272C82762D005A0913 /* ballCyan@2x.png in Resources */,
				1BF7C5292C82762D005A0913 /* ballGrey@2x.png in Resources */,
				1BF7C50C2C826ED3005A0913 /* Assets.xcassets in Resources */,
				1BF7C5252C82762D005A0913 /* background@2x.jpg in Resources */,
				1BF7C52D2C82762D005A0913 /* bouncer@2x.png in Resources */,
				1BF7C50F2C826ED3005A0913 /* Base in Resources */,
				1BF7C5262C82762D005A0913 /* ballBlue@2x.png in Resources */,
				1BF7C52E2C82762D005A0913 /* FireParticles.sks in Resources */,
				1BF7C5312C82762D005A0913 /* slotGlowBad@2x.png in Resources */,
			);
			runOnlyForDeploymentPostprocessing = 0;
		};
/* End PBXResourcesBuildPhase section */

/* Begin PBXSourcesBuildPhase section */
		1BF7C4F72C826ED2005A0913 /* Sources */ = {
			isa = PBXSourcesBuildPhase;
			buildActionMask = 2147483647;
			files = (
				1BF7C5052C826ED2005A0913 /* GameScene.swift in Sources */,
				1BF7C5072C826ED2005A0913 /* GameViewController.swift in Sources */,
				1BF7C4FF2C826ED2005A0913 /* AppDelegate.swift in Sources */,
			);
			runOnlyForDeploymentPostprocessing = 0;
		};
/* End PBXSourcesBuildPhase section */

/* Begin PBXVariantGroup section */
		1BF7C5082C826ED2005A0913 /* Main.storyboard */ = {
			isa = PBXVariantGroup;
			children = (
				1BF7C5092C826ED2005A0913 /* Base */,
			);
			name = Main.storyboard;
			sourceTree = "<group>";
		};
		1BF7C50D2C826ED3005A0913 /* LaunchScreen.storyboard */ = {
			isa = PBXVariantGroup;
			children = (
				1BF7C50E2C826ED3005A0913 /* Base */,
			);
			name = LaunchScreen.storyboard;
			sourceTree = "<group>";
		};
/* End PBXVariantGroup section */

/* Begin XCBuildConfiguration section */
		1BF7C5102C826ED3005A0913 /* Debug */ = {
			isa = XCBuildConfiguration;
			buildSettings = {
				ALWAYS_SEARCH_USER_PATHS = NO;
				ASSETCATALOG_COMPILER_GENERATE_SWIFT_ASSET_SYMBOL_EXTENSIONS = YES;
				CLANG_ANALYZER_NONNULL = YES;
				CLANG_ANALYZER_NUMBER_OBJECT_CONVERSION = YES_AGGRESSIVE;
				CLANG_CXX_LANGUAGE_STANDARD = "gnu++20";
				CLANG_ENABLE_MODULES = YES;
				CLANG_ENABLE_OBJC_ARC = YES;
				CLANG_ENABLE_OBJC_WEAK = YES;
				CLANG_WARN_BLOCK_CAPTURE_AUTORELEASING = YES;
				CLANG_WARN_BOOL_CONVERSION = YES;
				CLANG_WARN_COMMA = YES;
				CLANG_WARN_CONSTANT_CONVERSION = YES;
				CLANG_WARN_DEPRECATED_OBJC_IMPLEMENTATIONS = YES;
				CLANG_WARN_DIRECT_OBJC_ISA_USAGE = YES_ERROR;
				CLANG_WARN_DOCUMENTATION_COMMENTS = YES;
				CLANG_WARN_EMPTY_BODY = YES;
				CLANG_WARN_ENUM_CONVERSION = YES;
				CLANG_WARN_INFINITE_RECURSION = YES;
				CLANG_WARN_INT_CONVERSION = YES;
				CLANG_WARN_NON_LITERAL_NULL_CONVERSION = YES;
				CLANG_WARN_OBJC_IMPLICIT_RETAIN_SELF = YES;
				CLANG_WARN_OBJC_LITERAL_CONVERSION = YES;
				CLANG_WARN_OBJC_ROOT_CLASS = YES_ERROR;
				CLANG_WARN_QUOTED_INCLUDE_IN_FRAMEWORK_HEADER = YES;
				CLANG_WARN_RANGE_LOOP_ANALYSIS = YES;
				CLANG_WARN_STRICT_PROTOTYPES = YES;
				CLANG_WARN_SUSPICIOUS_MOVE = YES;
				CLANG_WARN_UNGUARDED_AVAILABILITY = YES_AGGRESSIVE;
				CLANG_WARN_UNREACHABLE_CODE = YES;
				CLANG_WARN__DUPLICATE_METHOD_MATCH = YES;
				COPY_PHASE_STRIP = NO;
				DEBUG_INFORMATION_FORMAT = dwarf;
				ENABLE_STRICT_OBJC_MSGSEND = YES;
				ENABLE_TESTABILITY = YES;
				ENABLE_USER_SCRIPT_SANDBOXING = YES;
				GCC_C_LANGUAGE_STANDARD = gnu17;
				GCC_DYNAMIC_NO_PIC = NO;
				GCC_NO_COMMON_BLOCKS = YES;
				GCC_OPTIMIZATION_LEVEL = 0;
				GCC_PREPROCESSOR_DEFINITIONS = (
					"DEBUG=1",
					"$(inherited)",
				);
				GCC_WARN_64_TO_32_BIT_CONVERSION = YES;
				GCC_WARN_ABOUT_RETURN_TYPE = YES_ERROR;
				GCC_WARN_UNDECLARED_SELECTOR = YES;
				GCC_WARN_UNINITIALIZED_AUTOS = YES_AGGRESSIVE;
				GCC_WARN_UNUSED_FUNCTION = YES;
				GCC_WARN_UNUSED_VARIABLE = YES;
				IPHONEOS_DEPLOYMENT_TARGET = 17.5;
				LOCALIZATION_PREFERS_STRING_CATALOGS = YES;
				MTL_ENABLE_DEBUG_INFO = INCLUDE_SOURCE;
				MTL_FAST_MATH = YES;
				ONLY_ACTIVE_ARCH = YES;
				SDKROOT = iphoneos;
				SWIFT_ACTIVE_COMPILATION_CONDITIONS = "DEBUG $(inherited)";
				SWIFT_OPTIMIZATION_LEVEL = "-Onone";
			};
			name = Debug;
		};
		1BF7C5112C826ED3005A0913 /* Release */ = {
			isa = XCBuildConfiguration;
			buildSettings = {
				ALWAYS_SEARCH_USER_PATHS = NO;
				ASSETCATALOG_COMPILER_GENERATE_SWIFT_ASSET_SYMBOL_EXTENSIONS = YES;
				CLANG_ANALYZER_NONNULL = YES;
				CLANG_ANALYZER_NUMBER_OBJECT_CONVERSION = YES_AGGRESSIVE;
				CLANG_CXX_LANGUAGE_STANDARD = "gnu++20";
				CLANG_ENABLE_MODULES = YES;
				CLANG_ENABLE_OBJC_ARC = YES;
				CLANG_ENABLE_OBJC_WEAK = YES;
				CLANG_WARN_BLOCK_CAPTURE_AUTORELEASING = YES;
				CLANG_WARN_BOOL_CONVERSION = YES;
				CLANG_WARN_COMMA = YES;
				CLANG_WARN_CONSTANT_CONVERSION = YES;
				CLANG_WARN_DEPRECATED_OBJC_IMPLEMENTATIONS = YES;
				CLANG_WARN_DIRECT_OBJC_ISA_USAGE = YES_ERROR;
				CLANG_WARN_DOCUMENTATION_COMMENTS = YES;
				CLANG_WARN_EMPTY_BODY = YES;
				CLANG_WARN_ENUM_CONVERSION = YES;
				CLANG_WARN_INFINITE_RECURSION = YES;
				CLANG_WARN_INT_CONVERSION = YES;
				CLANG_WARN_NON_LITERAL_NULL_CONVERSION = YES;
				CLANG_WARN_OBJC_IMPLICIT_RETAIN_SELF = YES;
				CLANG_WARN_OBJC_LITERAL_CONVERSION = YES;
				CLANG_WARN_OBJC_ROOT_CLASS = YES_ERROR;
				CLANG_WARN_QUOTED_INCLUDE_IN_FRAMEWORK_HEADER = YES;
				CLANG_WARN_RANGE_LOOP_ANALYSIS = YES;
				CLANG_WARN_STRICT_PROTOTYPES = YES;
				CLANG_WARN_SUSPICIOUS_MOVE = YES;
				CLANG_WARN_UNGUARDED_AVAILABILITY = YES_AGGRESSIVE;
				CLANG_WARN_UNREACHABLE_CODE = YES;
				CLANG_WARN__DUPLICATE_METHOD_MATCH = YES;
				COPY_PHASE_STRIP = NO;
				DEBUG_INFORMATION_FORMAT = "dwarf-with-dsym";
				ENABLE_NS_ASSERTIONS = NO;
				ENABLE_STRICT_OBJC_MSGSEND = YES;
				ENABLE_USER_SCRIPT_SANDBOXING = YES;
				GCC_C_LANGUAGE_STANDARD = gnu17;
				GCC_NO_COMMON_BLOCKS = YES;
				GCC_WARN_64_TO_32_BIT_CONVERSION = YES;
				GCC_WARN_ABOUT_RETURN_TYPE = YES_ERROR;
				GCC_WARN_UNDECLARED_SELECTOR = YES;
				GCC_WARN_UNINITIALIZED_AUTOS = YES_AGGRESSIVE;
				GCC_WARN_UNUSED_FUNCTION = YES;
				GCC_WARN_UNUSED_VARIABLE = YES;
				IPHONEOS_DEPLOYMENT_TARGET = 17.5;
				LOCALIZATION_PREFERS_STRING_CATALOGS = YES;
				MTL_ENABLE_DEBUG_INFO = NO;
				MTL_FAST_MATH = YES;
				SDKROOT = iphoneos;
				SWIFT_COMPILATION_MODE = wholemodule;
				VALIDATE_PRODUCT = YES;
			};
			name = Release;
		};
		1BF7C5132C826ED3005A0913 /* Debug */ = {
			isa = XCBuildConfiguration;
			buildSettings = {
				ASSETCATALOG_COMPILER_APPICON_NAME = AppIcon;
				ASSETCATALOG_COMPILER_GLOBAL_ACCENT_COLOR_NAME = AccentColor;
				CODE_SIGN_STYLE = Automatic;
				CURRENT_PROJECT_VERSION = 1;
				DEVELOPMENT_TEAM = QNTWKHT726;
				GENERATE_INFOPLIST_FILE = YES;
				INFOPLIST_KEY_UIApplicationSupportsIndirectInputEvents = YES;
				INFOPLIST_KEY_UILaunchStoryboardName = LaunchScreen;
				INFOPLIST_KEY_UIMainStoryboardFile = Main;
				INFOPLIST_KEY_UIStatusBarHidden = YES;
				INFOPLIST_KEY_UISupportedInterfaceOrientations = "UIInterfaceOrientationLandscapeLeft UIInterfaceOrientationLandscapeRight";
				INFOPLIST_KEY_UISupportedInterfaceOrientations_iPad = "UIInterfaceOrientationLandscapeLeft UIInterfaceOrientationLandscapeRight UIInterfaceOrientationPortrait UIInterfaceOrientationPortraitUpsideDown";
				LD_RUNPATH_SEARCH_PATHS = (
					"$(inherited)",
					"@executable_path/Frameworks",
				);
				MARKETING_VERSION = 1.0;
				PRODUCT_BUNDLE_IDENTIFIER = "cuadros.Project-11-pachinko-game";
				PRODUCT_NAME = "$(TARGET_NAME)";
				SWIFT_EMIT_LOC_STRINGS = YES;
				SWIFT_VERSION = 5.0;
				TARGETED_DEVICE_FAMILY = "1,2";
			};
			name = Debug;
		};
		1BF7C5142C826ED3005A0913 /* Release */ = {
			isa = XCBuildConfiguration;
			buildSettings = {
				ASSETCATALOG_COMPILER_APPICON_NAME = AppIcon;
				ASSETCATALOG_COMPILER_GLOBAL_ACCENT_COLOR_NAME = AccentColor;
				CODE_SIGN_STYLE = Automatic;
				CURRENT_PROJECT_VERSION = 1;
				DEVELOPMENT_TEAM = QNTWKHT726;
				GENERATE_INFOPLIST_FILE = YES;
				INFOPLIST_KEY_UIApplicationSupportsIndirectInputEvents = YES;
				INFOPLIST_KEY_UILaunchStoryboardName = LaunchScreen;
				INFOPLIST_KEY_UIMainStoryboardFile = Main;
				INFOPLIST_KEY_UIStatusBarHidden = YES;
				INFOPLIST_KEY_UISupportedInterfaceOrientations = "UIInterfaceOrientationLandscapeLeft UIInterfaceOrientationLandscapeRight";
				INFOPLIST_KEY_UISupportedInterfaceOrientations_iPad = "UIInterfaceOrientationLandscapeLeft UIInterfaceOrientationLandscapeRight UIInterfaceOrientationPortrait UIInterfaceOrientationPortraitUpsideDown";
				LD_RUNPATH_SEARCH_PATHS = (
					"$(inherited)",
					"@executable_path/Frameworks",
				);
				MARKETING_VERSION = 1.0;
				PRODUCT_BUNDLE_IDENTIFIER = "cuadros.Project-11-pachinko-game";
				PRODUCT_NAME = "$(TARGET_NAME)";
				SWIFT_EMIT_LOC_STRINGS = YES;
				SWIFT_VERSION = 5.0;
				TARGETED_DEVICE_FAMILY = "1,2";
			};
			name = Release;
		};
/* End XCBuildConfiguration section */

/* Begin XCConfigurationList section */
		1BF7C4F62C826ED1005A0913 /* Build configuration list for PBXProject "Project-11-pachinko-game" */ = {
			isa = XCConfigurationList;
			buildConfigurations = (
				1BF7C5102C826ED3005A0913 /* Debug */,
				1BF7C5112C826ED3005A0913 /* Release */,
			);
			defaultConfigurationIsVisible = 0;
			defaultConfigurationName = Release;
		};
		1BF7C5122C826ED3005A0913 /* Build configuration list for PBXNativeTarget "Project-11-pachinko-game" */ = {
			isa = XCConfigurationList;
			buildConfigurations = (
				1BF7C5132C826ED3005A0913 /* Debug */,
				1BF7C5142C826ED3005A0913 /* Release */,
			);
			defaultConfigurationIsVisible = 0;
			defaultConfigurationName = Release;
		};
/* End XCConfigurationList section */
	};
	rootObject = 1BF7C4F32C826ED1005A0913 /* Project object */;
}
